// !$*UTF8*$!
{
	archiveVersion = 1;
	classes = {
	};
	objectVersion = 56;
	objects = {

/* Begin PBXBuildFile section */
		56CFA3B63189E3FF6E28D674 /* Pods_Neobis_iOS_Marketplace.framework in Frameworks */ = {isa = PBXBuildFile; fileRef = 2E32061602E96B28E924E407 /* Pods_Neobis_iOS_Marketplace.framework */; };
		D305E6592A38B3DC00D2866E /* UIcolor+Extensions.swift in Sources */ = {isa = PBXBuildFile; fileRef = D305E6582A38B3DC00D2866E /* UIcolor+Extensions.swift */; };
		D305E65B2A38FCD500D2866E /* ProfileViewController.swift in Sources */ = {isa = PBXBuildFile; fileRef = D305E65A2A38FCD500D2866E /* ProfileViewController.swift */; };
		D305E65D2A38FDB400D2866E /* RegistrationViewController.swift in Sources */ = {isa = PBXBuildFile; fileRef = D305E65C2A38FDB400D2866E /* RegistrationViewController.swift */; };
		D305E65F2A39CF0400D2866E /* PasswordViewController.swift in Sources */ = {isa = PBXBuildFile; fileRef = D305E65E2A39CF0400D2866E /* PasswordViewController.swift */; };
		D3806C822A373F8C00E2ACE8 /* AppDelegate.swift in Sources */ = {isa = PBXBuildFile; fileRef = D3806C812A373F8C00E2ACE8 /* AppDelegate.swift */; };
		D3806C842A373F8C00E2ACE8 /* SceneDelegate.swift in Sources */ = {isa = PBXBuildFile; fileRef = D3806C832A373F8C00E2ACE8 /* SceneDelegate.swift */; };
		D3806C8B2A373F8E00E2ACE8 /* Assets.xcassets in Resources */ = {isa = PBXBuildFile; fileRef = D3806C8A2A373F8E00E2ACE8 /* Assets.xcassets */; };
		D3806C8E2A373F8E00E2ACE8 /* LaunchScreen.storyboard in Resources */ = {isa = PBXBuildFile; fileRef = D3806C8C2A373F8E00E2ACE8 /* LaunchScreen.storyboard */; };
		D3806C9E2A38A4CA00E2ACE8 /* LoginViewController.swift in Sources */ = {isa = PBXBuildFile; fileRef = D3806C9D2A38A4CA00E2ACE8 /* LoginViewController.swift */; };
		D3C37C0F2A4082CF002BFC24 /* Service.swift in Sources */ = {isa = PBXBuildFile; fileRef = D3C37C0E2A4082CF002BFC24 /* Service.swift */; };
		D3C37C142A4087FD002BFC24 /* Register.swift in Sources */ = {isa = PBXBuildFile; fileRef = D3C37C132A4087FD002BFC24 /* Register.swift */; };
		D3C37C182A40CA1D002BFC24 /* RegistrationViewModel.swift in Sources */ = {isa = PBXBuildFile; fileRef = D3C37C172A40CA1D002BFC24 /* RegistrationViewModel.swift */; };
		D3C37C1A2A40EDBF002BFC24 /* LoginViewModel .swift in Sources */ = {isa = PBXBuildFile; fileRef = D3C37C192A40EDBF002BFC24 /* LoginViewModel .swift */; };
		D3C37C1C2A40EDF7002BFC24 /* Login .swift in Sources */ = {isa = PBXBuildFile; fileRef = D3C37C1B2A40EDF7002BFC24 /* Login .swift */; };
		D3C37C1E2A447B99002BFC24 /* ProfileDetailViewController.swift in Sources */ = {isa = PBXBuildFile; fileRef = D3C37C1D2A447B99002BFC24 /* ProfileDetailViewController.swift */; };
/* End PBXBuildFile section */

/* Begin PBXFileReference section */
		2E32061602E96B28E924E407 /* Pods_Neobis_iOS_Marketplace.framework */ = {isa = PBXFileReference; explicitFileType = wrapper.framework; includeInIndex = 0; path = Pods_Neobis_iOS_Marketplace.framework; sourceTree = BUILT_PRODUCTS_DIR; };
		791CA7F3558C498704C07CD4 /* Pods-Neobis_iOS_Marketplace.debug.xcconfig */ = {isa = PBXFileReference; includeInIndex = 1; lastKnownFileType = text.xcconfig; name = "Pods-Neobis_iOS_Marketplace.debug.xcconfig"; path = "Target Support Files/Pods-Neobis_iOS_Marketplace/Pods-Neobis_iOS_Marketplace.debug.xcconfig"; sourceTree = "<group>"; };
		A1163CEB58C6446866F4F1A0 /* Pods-Neobis_iOS_Marketplace.release.xcconfig */ = {isa = PBXFileReference; includeInIndex = 1; lastKnownFileType = text.xcconfig; name = "Pods-Neobis_iOS_Marketplace.release.xcconfig"; path = "Target Support Files/Pods-Neobis_iOS_Marketplace/Pods-Neobis_iOS_Marketplace.release.xcconfig"; sourceTree = "<group>"; };
		D305E6582A38B3DC00D2866E /* UIcolor+Extensions.swift */ = {isa = PBXFileReference; lastKnownFileType = sourcecode.swift; path = "UIcolor+Extensions.swift"; sourceTree = "<group>"; };
		D305E65A2A38FCD500D2866E /* ProfileViewController.swift */ = {isa = PBXFileReference; lastKnownFileType = sourcecode.swift; path = ProfileViewController.swift; sourceTree = "<group>"; };
		D305E65C2A38FDB400D2866E /* RegistrationViewController.swift */ = {isa = PBXFileReference; lastKnownFileType = sourcecode.swift; path = RegistrationViewController.swift; sourceTree = "<group>"; };
		D305E65E2A39CF0400D2866E /* PasswordViewController.swift */ = {isa = PBXFileReference; lastKnownFileType = sourcecode.swift; path = PasswordViewController.swift; sourceTree = "<group>"; };
		D3806C7E2A373F8C00E2ACE8 /* Neobis_iOS_Marketplace.app */ = {isa = PBXFileReference; explicitFileType = wrapper.application; includeInIndex = 0; path = Neobis_iOS_Marketplace.app; sourceTree = BUILT_PRODUCTS_DIR; };
		D3806C812A373F8C00E2ACE8 /* AppDelegate.swift */ = {isa = PBXFileReference; lastKnownFileType = sourcecode.swift; path = AppDelegate.swift; sourceTree = "<group>"; };
		D3806C832A373F8C00E2ACE8 /* SceneDelegate.swift */ = {isa = PBXFileReference; lastKnownFileType = sourcecode.swift; path = SceneDelegate.swift; sourceTree = "<group>"; };
		D3806C8A2A373F8E00E2ACE8 /* Assets.xcassets */ = {isa = PBXFileReference; lastKnownFileType = folder.assetcatalog; path = Assets.xcassets; sourceTree = "<group>"; };
		D3806C8D2A373F8E00E2ACE8 /* Base */ = {isa = PBXFileReference; lastKnownFileType = file.storyboard; name = Base; path = Base.lproj/LaunchScreen.storyboard; sourceTree = "<group>"; };
		D3806C8F2A373F8E00E2ACE8 /* Info.plist */ = {isa = PBXFileReference; lastKnownFileType = text.plist.xml; path = Info.plist; sourceTree = "<group>"; };
		D3806C9D2A38A4CA00E2ACE8 /* LoginViewController.swift */ = {isa = PBXFileReference; lastKnownFileType = sourcecode.swift; path = LoginViewController.swift; sourceTree = "<group>"; };
		D3C37C0E2A4082CF002BFC24 /* Service.swift */ = {isa = PBXFileReference; lastKnownFileType = sourcecode.swift; path = Service.swift; sourceTree = "<group>"; };
		D3C37C132A4087FD002BFC24 /* Register.swift */ = {isa = PBXFileReference; lastKnownFileType = sourcecode.swift; path = Register.swift; sourceTree = "<group>"; };
		D3C37C172A40CA1D002BFC24 /* RegistrationViewModel.swift */ = {isa = PBXFileReference; lastKnownFileType = sourcecode.swift; path = RegistrationViewModel.swift; sourceTree = "<group>"; };
		D3C37C192A40EDBF002BFC24 /* LoginViewModel .swift */ = {isa = PBXFileReference; lastKnownFileType = sourcecode.swift; path = "LoginViewModel .swift"; sourceTree = "<group>"; };
		D3C37C1B2A40EDF7002BFC24 /* Login .swift */ = {isa = PBXFileReference; lastKnownFileType = sourcecode.swift; path = "Login .swift"; sourceTree = "<group>"; };
		D3C37C1D2A447B99002BFC24 /* ProfileDetailViewController.swift */ = {isa = PBXFileReference; lastKnownFileType = sourcecode.swift; path = ProfileDetailViewController.swift; sourceTree = "<group>"; };
/* End PBXFileReference section */

/* Begin PBXFrameworksBuildPhase section */
		D3806C7B2A373F8C00E2ACE8 /* Frameworks */ = {
			isa = PBXFrameworksBuildPhase;
			buildActionMask = 2147483647;
			files = (
				56CFA3B63189E3FF6E28D674 /* Pods_Neobis_iOS_Marketplace.framework in Frameworks */,
			);
			runOnlyForDeploymentPostprocessing = 0;
		};
/* End PBXFrameworksBuildPhase section */

/* Begin PBXGroup section */
		41AFE7707BEDAFEC20A95DA0 /* Frameworks */ = {
			isa = PBXGroup;
			children = (
				2E32061602E96B28E924E407 /* Pods_Neobis_iOS_Marketplace.framework */,
			);
			name = Frameworks;
			sourceTree = "<group>";
		};
		6948F157DF66E1818D4BBD73 /* Pods */ = {
			isa = PBXGroup;
			children = (
				791CA7F3558C498704C07CD4 /* Pods-Neobis_iOS_Marketplace.debug.xcconfig */,
				A1163CEB58C6446866F4F1A0 /* Pods-Neobis_iOS_Marketplace.release.xcconfig */,
			);
			path = Pods;
			sourceTree = "<group>";
		};
		D305E6572A38B39A00D2866E /* Extensions */ = {
			isa = PBXGroup;
			children = (
				D305E6582A38B3DC00D2866E /* UIcolor+Extensions.swift */,
			);
			path = Extensions;
			sourceTree = "<group>";
		};
		D3806C752A373F8C00E2ACE8 = {
			isa = PBXGroup;
			children = (
				D3806C802A373F8C00E2ACE8 /* Neobis_iOS_Marketplace */,
				D3806C7F2A373F8C00E2ACE8 /* Products */,
				6948F157DF66E1818D4BBD73 /* Pods */,
				41AFE7707BEDAFEC20A95DA0 /* Frameworks */,
			);
			sourceTree = "<group>";
		};
		D3806C7F2A373F8C00E2ACE8 /* Products */ = {
			isa = PBXGroup;
			children = (
				D3806C7E2A373F8C00E2ACE8 /* Neobis_iOS_Marketplace.app */,
			);
			name = Products;
			sourceTree = "<group>";
		};
		D3806C802A373F8C00E2ACE8 /* Neobis_iOS_Marketplace */ = {
			isa = PBXGroup;
			children = (
				D3C37C102A40860A002BFC24 /* Service */,
				D3806C952A387A3A00E2ACE8 /* Models */,
				D3806C962A387A4300E2ACE8 /* Views */,
				D3806C972A387A4F00E2ACE8 /* ViewModels */,
				D305E6572A38B39A00D2866E /* Extensions */,
				D3806C812A373F8C00E2ACE8 /* AppDelegate.swift */,
				D3806C832A373F8C00E2ACE8 /* SceneDelegate.swift */,
				D3806C8A2A373F8E00E2ACE8 /* Assets.xcassets */,
				D3806C8C2A373F8E00E2ACE8 /* LaunchScreen.storyboard */,
				D3806C8F2A373F8E00E2ACE8 /* Info.plist */,
			);
			path = Neobis_iOS_Marketplace;
			sourceTree = "<group>";
		};
		D3806C952A387A3A00E2ACE8 /* Models */ = {
			isa = PBXGroup;
			children = (
				D3C37C132A4087FD002BFC24 /* Register.swift */,
				D3C37C1B2A40EDF7002BFC24 /* Login .swift */,
			);
			path = Models;
			sourceTree = "<group>";
		};
		D3806C962A387A4300E2ACE8 /* Views */ = {
			isa = PBXGroup;
			children = (
				D3806C9D2A38A4CA00E2ACE8 /* LoginViewController.swift */,
				D305E65C2A38FDB400D2866E /* RegistrationViewController.swift */,
				D305E65E2A39CF0400D2866E /* PasswordViewController.swift */,
				D305E65A2A38FCD500D2866E /* ProfileViewController.swift */,
				D3C37C1D2A447B99002BFC24 /* ProfileDetailViewController.swift */,
			);
			path = Views;
			sourceTree = "<group>";
		};
		D3806C972A387A4F00E2ACE8 /* ViewModels */ = {
			isa = PBXGroup;
			children = (
				D3C37C172A40CA1D002BFC24 /* RegistrationViewModel.swift */,
				D3C37C192A40EDBF002BFC24 /* LoginViewModel .swift */,
			);
			path = ViewModels;
			sourceTree = "<group>";
		};
		D3C37C102A40860A002BFC24 /* Service */ = {
			isa = PBXGroup;
			children = (
				D3C37C0E2A4082CF002BFC24 /* Service.swift */,
			);
			path = Service;
			sourceTree = "<group>";
		};
/* End PBXGroup section */

/* Begin PBXNativeTarget section */
		D3806C7D2A373F8C00E2ACE8 /* Neobis_iOS_Marketplace */ = {
			isa = PBXNativeTarget;
			buildConfigurationList = D3806C922A373F8E00E2ACE8 /* Build configuration list for PBXNativeTarget "Neobis_iOS_Marketplace" */;
			buildPhases = (
				C14C4F1ADAAF187996652B2A /* [CP] Check Pods Manifest.lock */,
				D3806C7A2A373F8C00E2ACE8 /* Sources */,
				D3806C7B2A373F8C00E2ACE8 /* Frameworks */,
				D3806C7C2A373F8C00E2ACE8 /* Resources */,
				B2081FDDE5BE66AE594BA1E8 /* [CP] Embed Pods Frameworks */,
			);
			buildRules = (
			);
			dependencies = (
			);
			name = Neobis_iOS_Marketplace;
			productName = Neobis_iOS_Marketplace;
			productReference = D3806C7E2A373F8C00E2ACE8 /* Neobis_iOS_Marketplace.app */;
			productType = "com.apple.product-type.application";
		};
/* End PBXNativeTarget section */

/* Begin PBXProject section */
		D3806C762A373F8C00E2ACE8 /* Project object */ = {
			isa = PBXProject;
			attributes = {
				BuildIndependentTargetsInParallel = 1;
				LastSwiftUpdateCheck = 1430;
				LastUpgradeCheck = 1430;
				TargetAttributes = {
					D3806C7D2A373F8C00E2ACE8 = {
						CreatedOnToolsVersion = 14.3.1;
					};
				};
			};
			buildConfigurationList = D3806C792A373F8C00E2ACE8 /* Build configuration list for PBXProject "Neobis_iOS_Marketplace" */;
			compatibilityVersion = "Xcode 14.0";
			developmentRegion = en;
			hasScannedForEncodings = 0;
			knownRegions = (
				en,
				Base,
			);
			mainGroup = D3806C752A373F8C00E2ACE8;
			productRefGroup = D3806C7F2A373F8C00E2ACE8 /* Products */;
			projectDirPath = "";
			projectRoot = "";
			targets = (
				D3806C7D2A373F8C00E2ACE8 /* Neobis_iOS_Marketplace */,
			);
		};
/* End PBXProject section */

/* Begin PBXResourcesBuildPhase section */
		D3806C7C2A373F8C00E2ACE8 /* Resources */ = {
			isa = PBXResourcesBuildPhase;
			buildActionMask = 2147483647;
			files = (
				D3806C8E2A373F8E00E2ACE8 /* LaunchScreen.storyboard in Resources */,
				D3806C8B2A373F8E00E2ACE8 /* Assets.xcassets in Resources */,
			);
			runOnlyForDeploymentPostprocessing = 0;
		};
/* End PBXResourcesBuildPhase section */

/* Begin PBXShellScriptBuildPhase section */
		B2081FDDE5BE66AE594BA1E8 /* [CP] Embed Pods Frameworks */ = {
			isa = PBXShellScriptBuildPhase;
			buildActionMask = 2147483647;
			files = (
			);
			inputFileListPaths = (
				"${PODS_ROOT}/Target Support Files/Pods-Neobis_iOS_Marketplace/Pods-Neobis_iOS_Marketplace-frameworks-${CONFIGURATION}-input-files.xcfilelist",
			);
			name = "[CP] Embed Pods Frameworks";
			outputFileListPaths = (
				"${PODS_ROOT}/Target Support Files/Pods-Neobis_iOS_Marketplace/Pods-Neobis_iOS_Marketplace-frameworks-${CONFIGURATION}-output-files.xcfilelist",
			);
			runOnlyForDeploymentPostprocessing = 0;
			shellPath = /bin/sh;
			shellScript = "\"${PODS_ROOT}/Target Support Files/Pods-Neobis_iOS_Marketplace/Pods-Neobis_iOS_Marketplace-frameworks.sh\"\n";
			showEnvVarsInLog = 0;
		};
		C14C4F1ADAAF187996652B2A /* [CP] Check Pods Manifest.lock */ = {
			isa = PBXShellScriptBuildPhase;
			buildActionMask = 2147483647;
			files = (
			);
			inputFileListPaths = (
			);
			inputPaths = (
				"${PODS_PODFILE_DIR_PATH}/Podfile.lock",
				"${PODS_ROOT}/Manifest.lock",
			);
			name = "[CP] Check Pods Manifest.lock";
			outputFileListPaths = (
			);
			outputPaths = (
				"$(DERIVED_FILE_DIR)/Pods-Neobis_iOS_Marketplace-checkManifestLockResult.txt",
			);
			runOnlyForDeploymentPostprocessing = 0;
			shellPath = /bin/sh;
			shellScript = "diff \"${PODS_PODFILE_DIR_PATH}/Podfile.lock\" \"${PODS_ROOT}/Manifest.lock\" > /dev/null\nif [ $? != 0 ] ; then\n    # print error to STDERR\n    echo \"error: The sandbox is not in sync with the Podfile.lock. Run 'pod install' or update your CocoaPods installation.\" >&2\n    exit 1\nfi\n# This output is used by Xcode 'outputs' to avoid re-running this script phase.\necho \"SUCCESS\" > \"${SCRIPT_OUTPUT_FILE_0}\"\n";
			showEnvVarsInLog = 0;
		};
/* End PBXShellScriptBuildPhase section */

/* Begin PBXSourcesBuildPhase section */
		D3806C7A2A373F8C00E2ACE8 /* Sources */ = {
			isa = PBXSourcesBuildPhase;
			buildActionMask = 2147483647;
			files = (
				D3C37C1C2A40EDF7002BFC24 /* Login .swift in Sources */,
				D3C37C1A2A40EDBF002BFC24 /* LoginViewModel .swift in Sources */,
				D305E65D2A38FDB400D2866E /* RegistrationViewController.swift in Sources */,
				D3C37C0F2A4082CF002BFC24 /* Service.swift in Sources */,
				D3C37C1E2A447B99002BFC24 /* ProfileDetailViewController.swift in Sources */,
				D3806C9E2A38A4CA00E2ACE8 /* LoginViewController.swift in Sources */,
				D3C37C142A4087FD002BFC24 /* Register.swift in Sources */,
				D3806C822A373F8C00E2ACE8 /* AppDelegate.swift in Sources */,
				D3C37C182A40CA1D002BFC24 /* RegistrationViewModel.swift in Sources */,
				D305E65F2A39CF0400D2866E /* PasswordViewController.swift in Sources */,
				D305E65B2A38FCD500D2866E /* ProfileViewController.swift in Sources */,
				D3806C842A373F8C00E2ACE8 /* SceneDelegate.swift in Sources */,
				D305E6592A38B3DC00D2866E /* UIcolor+Extensions.swift in Sources */,
			);
			runOnlyForDeploymentPostprocessing = 0;
		};
/* End PBXSourcesBuildPhase section */

/* Begin PBXVariantGroup section */
		D3806C8C2A373F8E00E2ACE8 /* LaunchScreen.storyboard */ = {
			isa = PBXVariantGroup;
			children = (
				D3806C8D2A373F8E00E2ACE8 /* Base */,
			);
			name = LaunchScreen.storyboard;
			sourceTree = "<group>";
		};
/* End PBXVariantGroup section */

/* Begin XCBuildConfiguration section */
		D3806C902A373F8E00E2ACE8 /* Debug */ = {
			isa = XCBuildConfiguration;
			buildSettings = {
				ALWAYS_SEARCH_USER_PATHS = NO;
				CLANG_ANALYZER_NONNULL = YES;
				CLANG_ANALYZER_NUMBER_OBJECT_CONVERSION = YES_AGGRESSIVE;
				CLANG_CXX_LANGUAGE_STANDARD = "gnu++20";
				CLANG_ENABLE_MODULES = YES;
				CLANG_ENABLE_OBJC_ARC = YES;
				CLANG_ENABLE_OBJC_WEAK = YES;
				CLANG_WARN_BLOCK_CAPTURE_AUTORELEASING = YES;
				CLANG_WARN_BOOL_CONVERSION = YES;
				CLANG_WARN_COMMA = YES;
				CLANG_WARN_CONSTANT_CONVERSION = YES;
				CLANG_WARN_DEPRECATED_OBJC_IMPLEMENTATIONS = YES;
				CLANG_WARN_DIRECT_OBJC_ISA_USAGE = YES_ERROR;
				CLANG_WARN_DOCUMENTATION_COMMENTS = YES;
				CLANG_WARN_EMPTY_BODY = YES;
				CLANG_WARN_ENUM_CONVERSION = YES;
				CLANG_WARN_INFINITE_RECURSION = YES;
				CLANG_WARN_INT_CONVERSION = YES;
				CLANG_WARN_NON_LITERAL_NULL_CONVERSION = YES;
				CLANG_WARN_OBJC_IMPLICIT_RETAIN_SELF = YES;
				CLANG_WARN_OBJC_LITERAL_CONVERSION = YES;
				CLANG_WARN_OBJC_ROOT_CLASS = YES_ERROR;
				CLANG_WARN_QUOTED_INCLUDE_IN_FRAMEWORK_HEADER = YES;
				CLANG_WARN_RANGE_LOOP_ANALYSIS = YES;
				CLANG_WARN_STRICT_PROTOTYPES = YES;
				CLANG_WARN_SUSPICIOUS_MOVE = YES;
				CLANG_WARN_UNGUARDED_AVAILABILITY = YES_AGGRESSIVE;
				CLANG_WARN_UNREACHABLE_CODE = YES;
				CLANG_WARN__DUPLICATE_METHOD_MATCH = YES;
				COPY_PHASE_STRIP = NO;
				DEBUG_INFORMATION_FORMAT = dwarf;
				ENABLE_STRICT_OBJC_MSGSEND = YES;
				ENABLE_TESTABILITY = YES;
				GCC_C_LANGUAGE_STANDARD = gnu11;
				GCC_DYNAMIC_NO_PIC = NO;
				GCC_NO_COMMON_BLOCKS = YES;
				GCC_OPTIMIZATION_LEVEL = 0;
				GCC_PREPROCESSOR_DEFINITIONS = (
					"DEBUG=1",
					"$(inherited)",
				);
				GCC_WARN_64_TO_32_BIT_CONVERSION = YES;
				GCC_WARN_ABOUT_RETURN_TYPE = YES_ERROR;
				GCC_WARN_UNDECLARED_SELECTOR = YES;
				GCC_WARN_UNINITIALIZED_AUTOS = YES_AGGRESSIVE;
				GCC_WARN_UNUSED_FUNCTION = YES;
				GCC_WARN_UNUSED_VARIABLE = YES;
				IPHONEOS_DEPLOYMENT_TARGET = 16.4;
				MTL_ENABLE_DEBUG_INFO = INCLUDE_SOURCE;
				MTL_FAST_MATH = YES;
				ONLY_ACTIVE_ARCH = YES;
				SDKROOT = iphoneos;
				SWIFT_ACTIVE_COMPILATION_CONDITIONS = DEBUG;
				SWIFT_OPTIMIZATION_LEVEL = "-Onone";
			};
			name = Debug;
		};
		D3806C912A373F8E00E2ACE8 /* Release */ = {
			isa = XCBuildConfiguration;
			buildSettings = {
				ALWAYS_SEARCH_USER_PATHS = NO;
				CLANG_ANALYZER_NONNULL = YES;
				CLANG_ANALYZER_NUMBER_OBJECT_CONVERSION = YES_AGGRESSIVE;
				CLANG_CXX_LANGUAGE_STANDARD = "gnu++20";
				CLANG_ENABLE_MODULES = YES;
				CLANG_ENABLE_OBJC_ARC = YES;
				CLANG_ENABLE_OBJC_WEAK = YES;
				CLANG_WARN_BLOCK_CAPTURE_AUTORELEASING = YES;
				CLANG_WARN_BOOL_CONVERSION = YES;
				CLANG_WARN_COMMA = YES;
				CLANG_WARN_CONSTANT_CONVERSION = YES;
				CLANG_WARN_DEPRECATED_OBJC_IMPLEMENTATIONS = YES;
				CLANG_WARN_DIRECT_OBJC_ISA_USAGE = YES_ERROR;
				CLANG_WARN_DOCUMENTATION_COMMENTS = YES;
				CLANG_WARN_EMPTY_BODY = YES;
				CLANG_WARN_ENUM_CONVERSION = YES;
				CLANG_WARN_INFINITE_RECURSION = YES;
				CLANG_WARN_INT_CONVERSION = YES;
				CLANG_WARN_NON_LITERAL_NULL_CONVERSION = YES;
				CLANG_WARN_OBJC_IMPLICIT_RETAIN_SELF = YES;
				CLANG_WARN_OBJC_LITERAL_CONVERSION = YES;
				CLANG_WARN_OBJC_ROOT_CLASS = YES_ERROR;
				CLANG_WARN_QUOTED_INCLUDE_IN_FRAMEWORK_HEADER = YES;
				CLANG_WARN_RANGE_LOOP_ANALYSIS = YES;
				CLANG_WARN_STRICT_PROTOTYPES = YES;
				CLANG_WARN_SUSPICIOUS_MOVE = YES;
				CLANG_WARN_UNGUARDED_AVAILABILITY = YES_AGGRESSIVE;
				CLANG_WARN_UNREACHABLE_CODE = YES;
				CLANG_WARN__DUPLICATE_METHOD_MATCH = YES;
				COPY_PHASE_STRIP = NO;
				DEBUG_INFORMATION_FORMAT = "dwarf-with-dsym";
				ENABLE_NS_ASSERTIONS = NO;
				ENABLE_STRICT_OBJC_MSGSEND = YES;
				GCC_C_LANGUAGE_STANDARD = gnu11;
				GCC_NO_COMMON_BLOCKS = YES;
				GCC_WARN_64_TO_32_BIT_CONVERSION = YES;
				GCC_WARN_ABOUT_RETURN_TYPE = YES_ERROR;
				GCC_WARN_UNDECLARED_SELECTOR = YES;
				GCC_WARN_UNINITIALIZED_AUTOS = YES_AGGRESSIVE;
				GCC_WARN_UNUSED_FUNCTION = YES;
				GCC_WARN_UNUSED_VARIABLE = YES;
				IPHONEOS_DEPLOYMENT_TARGET = 16.4;
				MTL_ENABLE_DEBUG_INFO = NO;
				MTL_FAST_MATH = YES;
				SDKROOT = iphoneos;
				SWIFT_COMPILATION_MODE = wholemodule;
				SWIFT_OPTIMIZATION_LEVEL = "-O";
				VALIDATE_PRODUCT = YES;
			};
			name = Release;
		};
		D3806C932A373F8E00E2ACE8 /* Debug */ = {
			isa = XCBuildConfiguration;
			baseConfigurationReference = 791CA7F3558C498704C07CD4 /* Pods-Neobis_iOS_Marketplace.debug.xcconfig */;
			buildSettings = {
				ASSETCATALOG_COMPILER_APPICON_NAME = AppIcon;
				ASSETCATALOG_COMPILER_GLOBAL_ACCENT_COLOR_NAME = AccentColor;
				CODE_SIGN_STYLE = Automatic;
				CURRENT_PROJECT_VERSION = 1;
				GENERATE_INFOPLIST_FILE = YES;
				INFOPLIST_FILE = Neobis_iOS_Marketplace/Info.plist;
				INFOPLIST_KEY_UIApplicationSupportsIndirectInputEvents = YES;
				INFOPLIST_KEY_UILaunchStoryboardName = LaunchScreen;
				INFOPLIST_KEY_UISupportedInterfaceOrientations_iPad = "UIInterfaceOrientationPortrait UIInterfaceOrientationPortraitUpsideDown UIInterfaceOrientationLandscapeLeft UIInterfaceOrientationLandscapeRight";
				INFOPLIST_KEY_UISupportedInterfaceOrientations_iPhone = "UIInterfaceOrientationPortrait UIInterfaceOrientationLandscapeLeft UIInterfaceOrientationLandscapeRight";
				LD_RUNPATH_SEARCH_PATHS = (
					"$(inherited)",
					"@executable_path/Frameworks",
				);
				MARKETING_VERSION = 1.0;
				PRODUCT_BUNDLE_IDENTIFIER = "com.farabiisa.Neobis-iOS-Marketplace";
				PRODUCT_NAME = "$(TARGET_NAME)";
				SWIFT_EMIT_LOC_STRINGS = YES;
				SWIFT_VERSION = 5.0;
				TARGETED_DEVICE_FAMILY = "1,2";
			};
			name = Debug;
		};
		D3806C942A373F8E00E2ACE8 /* Release */ = {
			isa = XCBuildConfiguration;
			baseConfigurationReference = A1163CEB58C6446866F4F1A0 /* Pods-Neobis_iOS_Marketplace.release.xcconfig */;
			buildSettings = {
				ASSETCATALOG_COMPILER_APPICON_NAME = AppIcon;
				ASSETCATALOG_COMPILER_GLOBAL_ACCENT_COLOR_NAME = AccentColor;
				CODE_SIGN_STYLE = Automatic;
				CURRENT_PROJECT_VERSION = 1;
				GENERATE_INFOPLIST_FILE = YES;
				INFOPLIST_FILE = Neobis_iOS_Marketplace/Info.plist;
				INFOPLIST_KEY_UIApplicationSupportsIndirectInputEvents = YES;
				INFOPLIST_KEY_UILaunchStoryboardName = LaunchScreen;
				INFOPLIST_KEY_UISupportedInterfaceOrientations_iPad = "UIInterfaceOrientationPortrait UIInterfaceOrientationPortraitUpsideDown UIInterfaceOrientationLandscapeLeft UIInterfaceOrientationLandscapeRight";
				INFOPLIST_KEY_UISupportedInterfaceOrientations_iPhone = "UIInterfaceOrientationPortrait UIInterfaceOrientationLandscapeLeft UIInterfaceOrientationLandscapeRight";
				LD_RUNPATH_SEARCH_PATHS = (
					"$(inherited)",
					"@executable_path/Frameworks",
				);
				MARKETING_VERSION = 1.0;
				PRODUCT_BUNDLE_IDENTIFIER = "com.farabiisa.Neobis-iOS-Marketplace";
				PRODUCT_NAME = "$(TARGET_NAME)";
				SWIFT_EMIT_LOC_STRINGS = YES;
				SWIFT_VERSION = 5.0;
				TARGETED_DEVICE_FAMILY = "1,2";
			};
			name = Release;
		};
/* End XCBuildConfiguration section */

/* Begin XCConfigurationList section */
		D3806C792A373F8C00E2ACE8 /* Build configuration list for PBXProject "Neobis_iOS_Marketplace" */ = {
			isa = XCConfigurationList;
			buildConfigurations = (
				D3806C902A373F8E00E2ACE8 /* Debug */,
				D3806C912A373F8E00E2ACE8 /* Release */,
			);
			defaultConfigurationIsVisible = 0;
			defaultConfigurationName = Release;
		};
		D3806C922A373F8E00E2ACE8 /* Build configuration list for PBXNativeTarget "Neobis_iOS_Marketplace" */ = {
			isa = XCConfigurationList;
			buildConfigurations = (
				D3806C932A373F8E00E2ACE8 /* Debug */,
				D3806C942A373F8E00E2ACE8 /* Release */,
			);
			defaultConfigurationIsVisible = 0;
			defaultConfigurationName = Release;
		};
/* End XCConfigurationList section */
	};
	rootObject = D3806C762A373F8C00E2ACE8 /* Project object */;
}
